
Microsoft Visual Studio Solution File, Format Version 12.00
# Visual Studio 15
VisualStudioVersion = 15.0.27428.2043
MinimumVisualStudioVersion = 10.0.40219.1
Project("{8BC9CEB8-8B4A-11D0-8D11-00A0C91BC942}") = "df", "df\df.vcxproj", "{CAC438C2-0278-4973-9826-2F345F5CAB96}"
EndProject
Project("{8BC9CEB8-8B4A-11D0-8D11-00A0C91BC942}") = "attribute", "attribute\attribute.vcxproj", "{E54DF222-91A8-4B4A-83E5-A4A74FFD66A7}"
EndProject
Project("{8BC9CEB8-8B4A-11D0-8D11-00A0C91BC942}") = "db", "db\db.vcxproj", "{3A331D50-8FB2-4F76-9EFB-E401FA586A17}"
EndProject
Project("{8BC9CEB8-8B4A-11D0-8D11-00A0C91BC942}") = "ecs", "ecs\ecs.vcxproj", "{DFF86F81-6615-4144-BE7E-9594EE754E9F}"
EndProject
Global
	GlobalSection(SolutionConfigurationPlatforms) = preSolution
		Debug|x64 = Debug|x64
		Debug|x86 = Debug|x86
		Release|x64 = Release|x64
		Release|x86 = Release|x86
	EndGlobalSection
	GlobalSection(ProjectConfigurationPlatforms) = postSolution
		{CAC438C2-0278-4973-9826-2F345F5CAB96}.Debug|x64.ActiveCfg = Debug|x64
		{CAC438C2-0278-4973-9826-2F345F5CAB96}.Debug|x64.Build.0 = Debug|x64
		{CAC438C2-0278-4973-9826-2F345F5CAB96}.Debug|x86.ActiveCfg = Debug|Win32
		{CAC438C2-0278-4973-9826-2F345F5CAB96}.Debug|x86.Build.0 = Debug|Win32
		{CAC438C2-0278-4973-9826-2F345F5CAB96}.Release|x64.ActiveCfg = Release|x64
		{CAC438C2-0278-4973-9826-2F345F5CAB96}.Release|x64.Build.0 = Release|x64
		{CAC438C2-0278-4973-9826-2F345F5CAB96}.Release|x86.ActiveCfg = Release|Win32
		{CAC438C2-0278-4973-9826-2F345F5CAB96}.Release|x86.Build.0 = Release|Win32
		{E54DF222-91A8-4B4A-83E5-A4A74FFD66A7}.Debug|x64.ActiveCfg = Debug|x64
		{E54DF222-91A8-4B4A-83E5-A4A74FFD66A7}.Debug|x64.Build.0 = Debug|x64
		{E54DF222-91A8-4B4A-83E5-A4A74FFD66A7}.Debug|x86.ActiveCfg = Debug|Win32
		{E54DF222-91A8-4B4A-83E5-A4A74FFD66A7}.Debug|x86.Build.0 = Debug|Win32
		{E54DF222-91A8-4B4A-83E5-A4A74FFD66A7}.Release|x64.ActiveCfg = Release|x64
		{E54DF222-91A8-4B4A-83E5-A4A74FFD66A7}.Release|x64.Build.0 = Release|x64
		{E54DF222-91A8-4B4A-83E5-A4A74FFD66A7}.Release|x86.ActiveCfg = Release|Win32
		{E54DF222-91A8-4B4A-83E5-A4A74FFD66A7}.Release|x86.Build.0 = Release|Win32
		{3A331D50-8FB2-4F76-9EFB-E401FA586A17}.Debug|x64.ActiveCfg = Debug|x64
		{3A331D50-8FB2-4F76-9EFB-E401FA586A17}.Debug|x64.Build.0 = Debug|x64
		{3A331D50-8FB2-4F76-9EFB-E401FA586A17}.Debug|x86.ActiveCfg = Debug|Win32
		{3A331D50-8FB2-4F76-9EFB-E401FA586A17}.Debug|x86.Build.0 = Debug|Win32
		{3A331D50-8FB2-4F76-9EFB-E401FA586A17}.Release|x64.ActiveCfg = Release|x64
		{3A331D50-8FB2-4F76-9EFB-E401FA586A17}.Release|x64.Build.0 = Release|x64
		{3A331D50-8FB2-4F76-9EFB-E401FA586A17}.Release|x86.ActiveCfg = Release|Win32
		{3A331D50-8FB2-4F76-9EFB-E401FA586A17}.Release|x86.Build.0 = Release|Win32
		{DFF86F81-6615-4144-BE7E-9594EE754E9F}.Debug|x64.ActiveCfg = Debug|x64
		{DFF86F81-6615-4144-BE7E-9594EE754E9F}.Debug|x64.Build.0 = Debug|x64
		{DFF86F81-6615-4144-BE7E-9594EE754E9F}.Debug|x86.ActiveCfg = Debug|Win32
		{DFF86F81-6615-4144-BE7E-9594EE754E9F}.Debug|x86.Build.0 = Debug|Win32
		{DFF86F81-6615-4144-BE7E-9594EE754E9F}.Release|x64.ActiveCfg = Release|x64
		{DFF86F81-6615-4144-BE7E-9594EE754E9F}.Release|x64.Build.0 = Release|x64
		{DFF86F81-6615-4144-BE7E-9594EE754E9F}.Release|x86.ActiveCfg = Release|Win32
		{DFF86F81-6615-4144-BE7E-9594EE754E9F}.Release|x86.Build.0 = Release|Win32
	EndGlobalSection
	GlobalSection(SolutionProperties) = preSolution
		HideSolutionNode = FALSE
	EndGlobalSection
	GlobalSection(ExtensibilityGlobals) = postSolution
		SolutionGuid = {CD7C3238-2603-445A-B709-B175146B8310}
	EndGlobalSection
EndGlobal
