
Microsoft Visual Studio Solution File, Format Version 12.00
# Visual Studio Version 16
VisualStudioVersion = 16.0.29519.87
MinimumVisualStudioVersion = 10.0.40219.1
Project("{8BC9CEB8-8B4A-11D0-8D11-00A0C91BC942}") = "attribute", "attribute\attribute.vcxproj", "{E54DF222-91A8-4B4A-83E5-A4A74FFD66A7}"
EndProject
Project("{8BC9CEB8-8B4A-11D0-8D11-00A0C91BC942}") = "df", "df\df.vcxproj", "{CAC438C2-0278-4973-9826-2F345F5CAB96}"
EndProject
Project("{8BC9CEB8-8B4A-11D0-8D11-00A0C91BC942}") = "map", "map\map.vcxproj", "{9D98AFF6-4F64-4436-B6D2-AF61169D8D18}"
EndProject
Project("{8BC9CEB8-8B4A-11D0-8D11-00A0C91BC942}") = "tinyxml2", "tinyxml2\tinyxml2.vcxproj", "{83E727D8-78E3-4CD3-A0D4-3A7A60CD8153}"
EndProject
Project("{8BC9CEB8-8B4A-11D0-8D11-00A0C91BC942}") = "components", "components\components.vcxproj", "{23FFF8E4-D958-48E9-8E8E-39AEEFB46C8E}"
EndProject
Project("{8BC9CEB8-8B4A-11D0-8D11-00A0C91BC942}") = "systems", "systems\systems.vcxproj", "{E43D5AD7-1CAB-47A5-AA9E-9C63E8D3C62A}"
EndProject
Global
	GlobalSection(SolutionConfigurationPlatforms) = preSolution
		Debug|x64 = Debug|x64
		Debug|x86 = Debug|x86
		Release|x64 = Release|x64
		Release|x86 = Release|x86
	EndGlobalSection
	GlobalSection(ProjectConfigurationPlatforms) = postSolution
		{E54DF222-91A8-4B4A-83E5-A4A74FFD66A7}.Debug|x64.ActiveCfg = Debug|x64
		{E54DF222-91A8-4B4A-83E5-A4A74FFD66A7}.Debug|x64.Build.0 = Debug|x64
		{E54DF222-91A8-4B4A-83E5-A4A74FFD66A7}.Debug|x86.ActiveCfg = Debug|Win32
		{E54DF222-91A8-4B4A-83E5-A4A74FFD66A7}.Debug|x86.Build.0 = Debug|Win32
		{E54DF222-91A8-4B4A-83E5-A4A74FFD66A7}.Release|x64.ActiveCfg = Release|x64
		{E54DF222-91A8-4B4A-83E5-A4A74FFD66A7}.Release|x64.Build.0 = Release|x64
		{E54DF222-91A8-4B4A-83E5-A4A74FFD66A7}.Release|x86.ActiveCfg = Release|Win32
		{E54DF222-91A8-4B4A-83E5-A4A74FFD66A7}.Release|x86.Build.0 = Release|Win32
		{CAC438C2-0278-4973-9826-2F345F5CAB96}.Debug|x64.ActiveCfg = Debug|x64
		{CAC438C2-0278-4973-9826-2F345F5CAB96}.Debug|x64.Build.0 = Debug|x64
		{CAC438C2-0278-4973-9826-2F345F5CAB96}.Debug|x86.ActiveCfg = Debug|Win32
		{CAC438C2-0278-4973-9826-2F345F5CAB96}.Debug|x86.Build.0 = Debug|Win32
		{CAC438C2-0278-4973-9826-2F345F5CAB96}.Release|x64.ActiveCfg = Release|x64
		{CAC438C2-0278-4973-9826-2F345F5CAB96}.Release|x64.Build.0 = Release|x64
		{CAC438C2-0278-4973-9826-2F345F5CAB96}.Release|x86.ActiveCfg = Release|Win32
		{CAC438C2-0278-4973-9826-2F345F5CAB96}.Release|x86.Build.0 = Release|Win32
		{9D98AFF6-4F64-4436-B6D2-AF61169D8D18}.Debug|x64.ActiveCfg = Debug|x64
		{9D98AFF6-4F64-4436-B6D2-AF61169D8D18}.Debug|x64.Build.0 = Debug|x64
		{9D98AFF6-4F64-4436-B6D2-AF61169D8D18}.Debug|x86.ActiveCfg = Debug|Win32
		{9D98AFF6-4F64-4436-B6D2-AF61169D8D18}.Debug|x86.Build.0 = Debug|Win32
		{9D98AFF6-4F64-4436-B6D2-AF61169D8D18}.Release|x64.ActiveCfg = Release|x64
		{9D98AFF6-4F64-4436-B6D2-AF61169D8D18}.Release|x64.Build.0 = Release|x64
		{9D98AFF6-4F64-4436-B6D2-AF61169D8D18}.Release|x86.ActiveCfg = Release|Win32
		{9D98AFF6-4F64-4436-B6D2-AF61169D8D18}.Release|x86.Build.0 = Release|Win32
		{83E727D8-78E3-4CD3-A0D4-3A7A60CD8153}.Debug|x64.ActiveCfg = Debug|x64
		{83E727D8-78E3-4CD3-A0D4-3A7A60CD8153}.Debug|x64.Build.0 = Debug|x64
		{83E727D8-78E3-4CD3-A0D4-3A7A60CD8153}.Debug|x86.ActiveCfg = Debug|Win32
		{83E727D8-78E3-4CD3-A0D4-3A7A60CD8153}.Debug|x86.Build.0 = Debug|Win32
		{83E727D8-78E3-4CD3-A0D4-3A7A60CD8153}.Release|x64.ActiveCfg = Release|x64
		{83E727D8-78E3-4CD3-A0D4-3A7A60CD8153}.Release|x64.Build.0 = Release|x64
		{83E727D8-78E3-4CD3-A0D4-3A7A60CD8153}.Release|x86.ActiveCfg = Release|Win32
		{83E727D8-78E3-4CD3-A0D4-3A7A60CD8153}.Release|x86.Build.0 = Release|Win32
		{23FFF8E4-D958-48E9-8E8E-39AEEFB46C8E}.Debug|x64.ActiveCfg = Debug|x64
		{23FFF8E4-D958-48E9-8E8E-39AEEFB46C8E}.Debug|x64.Build.0 = Debug|x64
		{23FFF8E4-D958-48E9-8E8E-39AEEFB46C8E}.Debug|x86.ActiveCfg = Debug|Win32
		{23FFF8E4-D958-48E9-8E8E-39AEEFB46C8E}.Debug|x86.Build.0 = Debug|Win32
		{23FFF8E4-D958-48E9-8E8E-39AEEFB46C8E}.Release|x64.ActiveCfg = Release|x64
		{23FFF8E4-D958-48E9-8E8E-39AEEFB46C8E}.Release|x64.Build.0 = Release|x64
		{23FFF8E4-D958-48E9-8E8E-39AEEFB46C8E}.Release|x86.ActiveCfg = Release|Win32
		{23FFF8E4-D958-48E9-8E8E-39AEEFB46C8E}.Release|x86.Build.0 = Release|Win32
		{E43D5AD7-1CAB-47A5-AA9E-9C63E8D3C62A}.Debug|x64.ActiveCfg = Debug|x64
		{E43D5AD7-1CAB-47A5-AA9E-9C63E8D3C62A}.Debug|x64.Build.0 = Debug|x64
		{E43D5AD7-1CAB-47A5-AA9E-9C63E8D3C62A}.Debug|x86.ActiveCfg = Debug|Win32
		{E43D5AD7-1CAB-47A5-AA9E-9C63E8D3C62A}.Debug|x86.Build.0 = Debug|Win32
		{E43D5AD7-1CAB-47A5-AA9E-9C63E8D3C62A}.Release|x64.ActiveCfg = Release|x64
		{E43D5AD7-1CAB-47A5-AA9E-9C63E8D3C62A}.Release|x64.Build.0 = Release|x64
		{E43D5AD7-1CAB-47A5-AA9E-9C63E8D3C62A}.Release|x86.ActiveCfg = Release|Win32
		{E43D5AD7-1CAB-47A5-AA9E-9C63E8D3C62A}.Release|x86.Build.0 = Release|Win32
	EndGlobalSection
	GlobalSection(SolutionProperties) = preSolution
		HideSolutionNode = FALSE
	EndGlobalSection
	GlobalSection(ExtensibilityGlobals) = postSolution
		SolutionGuid = {CD7C3238-2603-445A-B709-B175146B8310}
	EndGlobalSection
EndGlobal
